// !$*UTF8*$!
{
	archiveVersion = 1;
	classes = {
	};
	objectVersion = 56;
	objects = {

/* Begin PBXBuildFile section */
		8A13B7B72A71527600343BBE /* Assets.xcassets in Resources */ = {isa = PBXBuildFile; fileRef = 8A13B7B62A71527600343BBE /* Assets.xcassets */; };
		8A13B7BD2A71527700343BBE /* CoinFlip MessagesExtension.appex in Embed Foundation Extensions */ = {isa = PBXBuildFile; fileRef = 8A13B7BC2A71527700343BBE /* CoinFlip MessagesExtension.appex */; settings = {ATTRIBUTES = (RemoveHeadersOnCopy, ); }; };
		8A13B7C22A71527700343BBE /* Messages.framework in Frameworks */ = {isa = PBXBuildFile; fileRef = 8A13B7C12A71527700343BBE /* Messages.framework */; };
		8A13B7C52A71527700343BBE /* MessagesViewController.swift in Sources */ = {isa = PBXBuildFile; fileRef = 8A13B7C42A71527700343BBE /* MessagesViewController.swift */; };
		8A13B7C82A71527700343BBE /* MainInterface.storyboard in Resources */ = {isa = PBXBuildFile; fileRef = 8A13B7C62A71527700343BBE /* MainInterface.storyboard */; };
		8A13B7CA2A71527A00343BBE /* Assets.xcassets in Resources */ = {isa = PBXBuildFile; fileRef = 8A13B7C92A71527A00343BBE /* Assets.xcassets */; };
		8A7186AF2A789458005A0424 /* coins-flip-tails.mp4 in Resources */ = {isa = PBXBuildFile; fileRef = 8A7186AE2A789458005A0424 /* coins-flip-tails.mp4 */; };
		8A7186B02A789458005A0424 /* coins-flip-tails.mp4 in Resources */ = {isa = PBXBuildFile; fileRef = 8A7186AE2A789458005A0424 /* coins-flip-tails.mp4 */; };
		8A7186B22A789461005A0424 /* coin-flip-heads.mp4 in Resources */ = {isa = PBXBuildFile; fileRef = 8A7186B12A789461005A0424 /* coin-flip-heads.mp4 */; };
		8A7186B32A789461005A0424 /* coin-flip-heads.mp4 in Resources */ = {isa = PBXBuildFile; fileRef = 8A7186B12A789461005A0424 /* coin-flip-heads.mp4 */; };
		8A7186B82A797443005A0424 /* coin.png in Resources */ = {isa = PBXBuildFile; fileRef = 8A7186B72A797443005A0424 /* coin.png */; };
		8A7186B92A797443005A0424 /* coin.png in Resources */ = {isa = PBXBuildFile; fileRef = 8A7186B72A797443005A0424 /* coin.png */; };
/* End PBXBuildFile section */

/* Begin PBXContainerItemProxy section */
		8A13B7BE2A71527700343BBE /* PBXContainerItemProxy */ = {
			isa = PBXContainerItemProxy;
			containerPortal = 8A13B7AD2A71527300343BBE /* Project object */;
			proxyType = 1;
			remoteGlobalIDString = 8A13B7BB2A71527700343BBE;
			remoteInfo = "CoinFlip MessagesExtension";
		};
/* End PBXContainerItemProxy section */

/* Begin PBXCopyFilesBuildPhase section */
		8A13B7D12A71527A00343BBE /* Embed Foundation Extensions */ = {
			isa = PBXCopyFilesBuildPhase;
			buildActionMask = 2147483647;
			dstPath = "";
			dstSubfolderSpec = 13;
			files = (
				8A13B7BD2A71527700343BBE /* CoinFlip MessagesExtension.appex in Embed Foundation Extensions */,
			);
			name = "Embed Foundation Extensions";
			runOnlyForDeploymentPostprocessing = 0;
		};
/* End PBXCopyFilesBuildPhase section */

/* Begin PBXFileReference section */
		8A13B7B32A71527300343BBE /* CoinFlip.app */ = {isa = PBXFileReference; explicitFileType = wrapper.application; includeInIndex = 0; path = CoinFlip.app; sourceTree = BUILT_PRODUCTS_DIR; };
		8A13B7B62A71527600343BBE /* Assets.xcassets */ = {isa = PBXFileReference; lastKnownFileType = folder.assetcatalog; path = Assets.xcassets; sourceTree = "<group>"; };
		8A13B7BC2A71527700343BBE /* CoinFlip MessagesExtension.appex */ = {isa = PBXFileReference; explicitFileType = "wrapper.app-extension"; includeInIndex = 0; path = "CoinFlip MessagesExtension.appex"; sourceTree = BUILT_PRODUCTS_DIR; };
		8A13B7C12A71527700343BBE /* Messages.framework */ = {isa = PBXFileReference; lastKnownFileType = wrapper.framework; name = Messages.framework; path = System/Library/Frameworks/Messages.framework; sourceTree = SDKROOT; };
		8A13B7C42A71527700343BBE /* MessagesViewController.swift */ = {isa = PBXFileReference; lastKnownFileType = sourcecode.swift; path = MessagesViewController.swift; sourceTree = "<group>"; };
		8A13B7C72A71527700343BBE /* Base */ = {isa = PBXFileReference; lastKnownFileType = file.storyboard; name = Base; path = Base.lproj/MainInterface.storyboard; sourceTree = "<group>"; };
		8A13B7C92A71527A00343BBE /* Assets.xcassets */ = {isa = PBXFileReference; lastKnownFileType = folder.assetcatalog; path = Assets.xcassets; sourceTree = "<group>"; };
		8A13B7CB2A71527A00343BBE /* Info.plist */ = {isa = PBXFileReference; lastKnownFileType = text.plist.xml; path = Info.plist; sourceTree = "<group>"; };
		8A7186AE2A789458005A0424 /* coins-flip-tails.mp4 */ = {isa = PBXFileReference; lastKnownFileType = file; path = "coins-flip-tails.mp4"; sourceTree = "<group>"; };
		8A7186B12A789461005A0424 /* coin-flip-heads.mp4 */ = {isa = PBXFileReference; lastKnownFileType = file; path = "coin-flip-heads.mp4"; sourceTree = "<group>"; };
		8A7186B72A797443005A0424 /* coin.png */ = {isa = PBXFileReference; lastKnownFileType = image.png; path = coin.png; sourceTree = "<group>"; };
/* End PBXFileReference section */

/* Begin PBXFrameworksBuildPhase section */
		8A13B7B92A71527700343BBE /* Frameworks */ = {
			isa = PBXFrameworksBuildPhase;
			buildActionMask = 2147483647;
			files = (
				8A13B7C22A71527700343BBE /* Messages.framework in Frameworks */,
			);
			runOnlyForDeploymentPostprocessing = 0;
		};
/* End PBXFrameworksBuildPhase section */

/* Begin PBXGroup section */
		8A13B7AC2A71527300343BBE = {
			isa = PBXGroup;
			children = (
				8A13B7B52A71527300343BBE /* CoinFlip */,
				8A13B7C32A71527700343BBE /* CoinFlip MessagesExtension */,
				8A13B7C02A71527700343BBE /* Frameworks */,
				8A13B7B42A71527300343BBE /* Products */,
			);
			sourceTree = "<group>";
		};
		8A13B7B42A71527300343BBE /* Products */ = {
			isa = PBXGroup;
			children = (
				8A13B7B32A71527300343BBE /* CoinFlip.app */,
				8A13B7BC2A71527700343BBE /* CoinFlip MessagesExtension.appex */,
			);
			name = Products;
			sourceTree = "<group>";
		};
		8A13B7B52A71527300343BBE /* CoinFlip */ = {
			isa = PBXGroup;
			children = (
				8A7186B72A797443005A0424 /* coin.png */,
				8A7186AE2A789458005A0424 /* coins-flip-tails.mp4 */,
				8A7186B12A789461005A0424 /* coin-flip-heads.mp4 */,
				8A13B7B62A71527600343BBE /* Assets.xcassets */,
			);
			path = CoinFlip;
			sourceTree = "<group>";
		};
		8A13B7C02A71527700343BBE /* Frameworks */ = {
			isa = PBXGroup;
			children = (
				8A13B7C12A71527700343BBE /* Messages.framework */,
			);
			name = Frameworks;
			sourceTree = "<group>";
		};
		8A13B7C32A71527700343BBE /* CoinFlip MessagesExtension */ = {
			isa = PBXGroup;
			children = (
				8A13B7C42A71527700343BBE /* MessagesViewController.swift */,
				8A13B7C62A71527700343BBE /* MainInterface.storyboard */,
				8A13B7C92A71527A00343BBE /* Assets.xcassets */,
				8A13B7CB2A71527A00343BBE /* Info.plist */,
			);
			path = "CoinFlip MessagesExtension";
			sourceTree = "<group>";
		};
/* End PBXGroup section */

/* Begin PBXNativeTarget section */
		8A13B7B22A71527300343BBE /* CoinFlip */ = {
			isa = PBXNativeTarget;
			buildConfigurationList = 8A13B7D22A71527A00343BBE /* Build configuration list for PBXNativeTarget "CoinFlip" */;
			buildPhases = (
				8A13B7B12A71527300343BBE /* Resources */,
				8A13B7D12A71527A00343BBE /* Embed Foundation Extensions */,
			);
			buildRules = (
			);
			dependencies = (
				8A13B7BF2A71527700343BBE /* PBXTargetDependency */,
			);
			name = CoinFlip;
			productName = CoinFlip;
			productReference = 8A13B7B32A71527300343BBE /* CoinFlip.app */;
			productType = "com.apple.product-type.application.messages";
		};
		8A13B7BB2A71527700343BBE /* CoinFlip MessagesExtension */ = {
			isa = PBXNativeTarget;
			buildConfigurationList = 8A13B7CE2A71527A00343BBE /* Build configuration list for PBXNativeTarget "CoinFlip MessagesExtension" */;
			buildPhases = (
				8A13B7B82A71527700343BBE /* Sources */,
				8A13B7B92A71527700343BBE /* Frameworks */,
				8A13B7BA2A71527700343BBE /* Resources */,
			);
			buildRules = (
			);
			dependencies = (
			);
			name = "CoinFlip MessagesExtension";
			productName = "CoinFlip MessagesExtension";
			productReference = 8A13B7BC2A71527700343BBE /* CoinFlip MessagesExtension.appex */;
			productType = "com.apple.product-type.app-extension.messages";
		};
/* End PBXNativeTarget section */

/* Begin PBXProject section */
		8A13B7AD2A71527300343BBE /* Project object */ = {
			isa = PBXProject;
			attributes = {
				BuildIndependentTargetsInParallel = 1;
				LastSwiftUpdateCheck = 1430;
				LastUpgradeCheck = 1430;
				TargetAttributes = {
					8A13B7B22A71527300343BBE = {
						CreatedOnToolsVersion = 14.3.1;
					};
					8A13B7BB2A71527700343BBE = {
						CreatedOnToolsVersion = 14.3.1;
					};
				};
			};
			buildConfigurationList = 8A13B7B02A71527300343BBE /* Build configuration list for PBXProject "CoinFlip" */;
			compatibilityVersion = "Xcode 14.0";
			developmentRegion = en;
			hasScannedForEncodings = 0;
			knownRegions = (
				en,
				Base,
			);
			mainGroup = 8A13B7AC2A71527300343BBE;
			productRefGroup = 8A13B7B42A71527300343BBE /* Products */;
			projectDirPath = "";
			projectRoot = "";
			targets = (
				8A13B7B22A71527300343BBE /* CoinFlip */,
				8A13B7BB2A71527700343BBE /* CoinFlip MessagesExtension */,
			);
		};
/* End PBXProject section */

/* Begin PBXResourcesBuildPhase section */
		8A13B7B12A71527300343BBE /* Resources */ = {
			isa = PBXResourcesBuildPhase;
			buildActionMask = 2147483647;
			files = (
				8A7186B82A797443005A0424 /* coin.png in Resources */,
				8A13B7B72A71527600343BBE /* Assets.xcassets in Resources */,
				8A7186B22A789461005A0424 /* coin-flip-heads.mp4 in Resources */,
				8A7186AF2A789458005A0424 /* coins-flip-tails.mp4 in Resources */,
			);
			runOnlyForDeploymentPostprocessing = 0;
		};
		8A13B7BA2A71527700343BBE /* Resources */ = {
			isa = PBXResourcesBuildPhase;
			buildActionMask = 2147483647;
			files = (
				8A13B7CA2A71527A00343BBE /* Assets.xcassets in Resources */,
				8A7186B92A797443005A0424 /* coin.png in Resources */,
				8A7186B32A789461005A0424 /* coin-flip-heads.mp4 in Resources */,
				8A13B7C82A71527700343BBE /* MainInterface.storyboard in Resources */,
				8A7186B02A789458005A0424 /* coins-flip-tails.mp4 in Resources */,
			);
			runOnlyForDeploymentPostprocessing = 0;
		};
/* End PBXResourcesBuildPhase section */

/* Begin PBXSourcesBuildPhase section */
		8A13B7B82A71527700343BBE /* Sources */ = {
			isa = PBXSourcesBuildPhase;
			buildActionMask = 2147483647;
			files = (
				8A13B7C52A71527700343BBE /* MessagesViewController.swift in Sources */,
			);
			runOnlyForDeploymentPostprocessing = 0;
		};
/* End PBXSourcesBuildPhase section */

/* Begin PBXTargetDependency section */
		8A13B7BF2A71527700343BBE /* PBXTargetDependency */ = {
			isa = PBXTargetDependency;
			target = 8A13B7BB2A71527700343BBE /* CoinFlip MessagesExtension */;
			targetProxy = 8A13B7BE2A71527700343BBE /* PBXContainerItemProxy */;
		};
/* End PBXTargetDependency section */

/* Begin PBXVariantGroup section */
		8A13B7C62A71527700343BBE /* MainInterface.storyboard */ = {
			isa = PBXVariantGroup;
			children = (
				8A13B7C72A71527700343BBE /* Base */,
			);
			name = MainInterface.storyboard;
			sourceTree = "<group>";
		};
/* End PBXVariantGroup section */

/* Begin XCBuildConfiguration section */
		8A13B7CC2A71527A00343BBE /* Debug */ = {
			isa = XCBuildConfiguration;
			buildSettings = {
				ALWAYS_SEARCH_USER_PATHS = NO;
				CLANG_ANALYZER_NONNULL = YES;
				CLANG_ANALYZER_NUMBER_OBJECT_CONVERSION = YES_AGGRESSIVE;
				CLANG_CXX_LANGUAGE_STANDARD = "gnu++20";
				CLANG_ENABLE_MODULES = YES;
				CLANG_ENABLE_OBJC_ARC = YES;
				CLANG_ENABLE_OBJC_WEAK = YES;
				CLANG_WARN_BLOCK_CAPTURE_AUTORELEASING = YES;
				CLANG_WARN_BOOL_CONVERSION = YES;
				CLANG_WARN_COMMA = YES;
				CLANG_WARN_CONSTANT_CONVERSION = YES;
				CLANG_WARN_DEPRECATED_OBJC_IMPLEMENTATIONS = YES;
				CLANG_WARN_DIRECT_OBJC_ISA_USAGE = YES_ERROR;
				CLANG_WARN_DOCUMENTATION_COMMENTS = YES;
				CLANG_WARN_EMPTY_BODY = YES;
				CLANG_WARN_ENUM_CONVERSION = YES;
				CLANG_WARN_INFINITE_RECURSION = YES;
				CLANG_WARN_INT_CONVERSION = YES;
				CLANG_WARN_NON_LITERAL_NULL_CONVERSION = YES;
				CLANG_WARN_OBJC_IMPLICIT_RETAIN_SELF = YES;
				CLANG_WARN_OBJC_LITERAL_CONVERSION = YES;
				CLANG_WARN_OBJC_ROOT_CLASS = YES_ERROR;
				CLANG_WARN_QUOTED_INCLUDE_IN_FRAMEWORK_HEADER = YES;
				CLANG_WARN_RANGE_LOOP_ANALYSIS = YES;
				CLANG_WARN_STRICT_PROTOTYPES = YES;
				CLANG_WARN_SUSPICIOUS_MOVE = YES;
				CLANG_WARN_UNGUARDED_AVAILABILITY = YES_AGGRESSIVE;
				CLANG_WARN_UNREACHABLE_CODE = YES;
				CLANG_WARN__DUPLICATE_METHOD_MATCH = YES;
				COPY_PHASE_STRIP = NO;
				DEBUG_INFORMATION_FORMAT = dwarf;
				ENABLE_STRICT_OBJC_MSGSEND = YES;
				ENABLE_TESTABILITY = YES;
				GCC_C_LANGUAGE_STANDARD = gnu11;
				GCC_DYNAMIC_NO_PIC = NO;
				GCC_NO_COMMON_BLOCKS = YES;
				GCC_OPTIMIZATION_LEVEL = 0;
				GCC_PREPROCESSOR_DEFINITIONS = (
					"DEBUG=1",
					"$(inherited)",
				);
				GCC_WARN_64_TO_32_BIT_CONVERSION = YES;
				GCC_WARN_ABOUT_RETURN_TYPE = YES_ERROR;
				GCC_WARN_UNDECLARED_SELECTOR = YES;
				GCC_WARN_UNINITIALIZED_AUTOS = YES_AGGRESSIVE;
				GCC_WARN_UNUSED_FUNCTION = YES;
				GCC_WARN_UNUSED_VARIABLE = YES;
				IPHONEOS_DEPLOYMENT_TARGET = 16.4;
				MTL_ENABLE_DEBUG_INFO = INCLUDE_SOURCE;
				MTL_FAST_MATH = YES;
				ONLY_ACTIVE_ARCH = YES;
				SDKROOT = iphoneos;
				SWIFT_ACTIVE_COMPILATION_CONDITIONS = DEBUG;
				SWIFT_OPTIMIZATION_LEVEL = "-Onone";
			};
			name = Debug;
		};
		8A13B7CD2A71527A00343BBE /* Release */ = {
			isa = XCBuildConfiguration;
			buildSettings = {
				ALWAYS_SEARCH_USER_PATHS = NO;
				CLANG_ANALYZER_NONNULL = YES;
				CLANG_ANALYZER_NUMBER_OBJECT_CONVERSION = YES_AGGRESSIVE;
				CLANG_CXX_LANGUAGE_STANDARD = "gnu++20";
				CLANG_ENABLE_MODULES = YES;
				CLANG_ENABLE_OBJC_ARC = YES;
				CLANG_ENABLE_OBJC_WEAK = YES;
				CLANG_WARN_BLOCK_CAPTURE_AUTORELEASING = YES;
				CLANG_WARN_BOOL_CONVERSION = YES;
				CLANG_WARN_COMMA = YES;
				CLANG_WARN_CONSTANT_CONVERSION = YES;
				CLANG_WARN_DEPRECATED_OBJC_IMPLEMENTATIONS = YES;
				CLANG_WARN_DIRECT_OBJC_ISA_USAGE = YES_ERROR;
				CLANG_WARN_DOCUMENTATION_COMMENTS = YES;
				CLANG_WARN_EMPTY_BODY = YES;
				CLANG_WARN_ENUM_CONVERSION = YES;
				CLANG_WARN_INFINITE_RECURSION = YES;
				CLANG_WARN_INT_CONVERSION = YES;
				CLANG_WARN_NON_LITERAL_NULL_CONVERSION = YES;
				CLANG_WARN_OBJC_IMPLICIT_RETAIN_SELF = YES;
				CLANG_WARN_OBJC_LITERAL_CONVERSION = YES;
				CLANG_WARN_OBJC_ROOT_CLASS = YES_ERROR;
				CLANG_WARN_QUOTED_INCLUDE_IN_FRAMEWORK_HEADER = YES;
				CLANG_WARN_RANGE_LOOP_ANALYSIS = YES;
				CLANG_WARN_STRICT_PROTOTYPES = YES;
				CLANG_WARN_SUSPICIOUS_MOVE = YES;
				CLANG_WARN_UNGUARDED_AVAILABILITY = YES_AGGRESSIVE;
				CLANG_WARN_UNREACHABLE_CODE = YES;
				CLANG_WARN__DUPLICATE_METHOD_MATCH = YES;
				COPY_PHASE_STRIP = NO;
				DEBUG_INFORMATION_FORMAT = "dwarf-with-dsym";
				ENABLE_NS_ASSERTIONS = NO;
				ENABLE_STRICT_OBJC_MSGSEND = YES;
				GCC_C_LANGUAGE_STANDARD = gnu11;
				GCC_NO_COMMON_BLOCKS = YES;
				GCC_WARN_64_TO_32_BIT_CONVERSION = YES;
				GCC_WARN_ABOUT_RETURN_TYPE = YES_ERROR;
				GCC_WARN_UNDECLARED_SELECTOR = YES;
				GCC_WARN_UNINITIALIZED_AUTOS = YES_AGGRESSIVE;
				GCC_WARN_UNUSED_FUNCTION = YES;
				GCC_WARN_UNUSED_VARIABLE = YES;
				IPHONEOS_DEPLOYMENT_TARGET = 16.4;
				MTL_ENABLE_DEBUG_INFO = NO;
				MTL_FAST_MATH = YES;
				SDKROOT = iphoneos;
				SWIFT_COMPILATION_MODE = wholemodule;
				SWIFT_OPTIMIZATION_LEVEL = "-O";
				VALIDATE_PRODUCT = YES;
			};
			name = Release;
		};
		8A13B7CF2A71527A00343BBE /* Debug */ = {
			isa = XCBuildConfiguration;
			buildSettings = {
				ASSETCATALOG_COMPILER_APPICON_NAME = "iMessage App Icon";
				CODE_SIGN_STYLE = Automatic;
				CURRENT_PROJECT_VERSION = 1;
				DEVELOPMENT_TEAM = V6Y7878R89;
				GENERATE_INFOPLIST_FILE = YES;
				INFOPLIST_FILE = "CoinFlip MessagesExtension/Info.plist";
				INFOPLIST_KEY_CFBundleDisplayName = CoinFlip;
				INFOPLIST_KEY_NSHumanReadableCopyright = "";
				LD_RUNPATH_SEARCH_PATHS = (
					"$(inherited)",
					"@executable_path/Frameworks",
					"@executable_path/../../Frameworks",
				);
				MARKETING_VERSION = 1.0;
				PRODUCT_BUNDLE_IDENTIFIER = Mega.CoinFlip.MessagesExtension;
				PRODUCT_NAME = "$(TARGET_NAME)";
				SKIP_INSTALL = YES;
				SWIFT_EMIT_LOC_STRINGS = YES;
				SWIFT_VERSION = 5.0;
				TARGETED_DEVICE_FAMILY = "1,2";
			};
			name = Debug;
		};
		8A13B7D02A71527A00343BBE /* Release */ = {
			isa = XCBuildConfiguration;
			buildSettings = {
				ASSETCATALOG_COMPILER_APPICON_NAME = "iMessage App Icon";
				CODE_SIGN_STYLE = Automatic;
				CURRENT_PROJECT_VERSION = 1;
				DEVELOPMENT_TEAM = V6Y7878R89;
				GENERATE_INFOPLIST_FILE = YES;
				INFOPLIST_FILE = "CoinFlip MessagesExtension/Info.plist";
				INFOPLIST_KEY_CFBundleDisplayName = CoinFlip;
				INFOPLIST_KEY_NSHumanReadableCopyright = "";
				LD_RUNPATH_SEARCH_PATHS = (
					"$(inherited)",
					"@executable_path/Frameworks",
					"@executable_path/../../Frameworks",
				);
				MARKETING_VERSION = 1.0;
				PRODUCT_BUNDLE_IDENTIFIER = Mega.CoinFlip.MessagesExtension;
				PRODUCT_NAME = "$(TARGET_NAME)";
				SKIP_INSTALL = YES;
				SWIFT_EMIT_LOC_STRINGS = YES;
				SWIFT_VERSION = 5.0;
				TARGETED_DEVICE_FAMILY = "1,2";
			};
			name = Release;
		};
		8A13B7D32A71527A00343BBE /* Debug */ = {
			isa = XCBuildConfiguration;
			buildSettings = {
				ALWAYS_EMBED_SWIFT_STANDARD_LIBRARIES = YES;
				ASSETCATALOG_COMPILER_APPICON_NAME = AppIcon;
				CODE_SIGN_STYLE = Automatic;
				CURRENT_PROJECT_VERSION = 1;
				DEVELOPMENT_TEAM = V6Y7878R89;
				GENERATE_INFOPLIST_FILE = YES;
				INFOPLIST_KEY_UILaunchStoryboardName = LaunchScreen;
				INFOPLIST_KEY_UISupportedInterfaceOrientations_iPad = "UIInterfaceOrientationPortrait UIInterfaceOrientationPortraitUpsideDown UIInterfaceOrientationLandscapeLeft UIInterfaceOrientationLandscapeRight";
				INFOPLIST_KEY_UISupportedInterfaceOrientations_iPhone = "UIInterfaceOrientationPortrait UIInterfaceOrientationLandscapeLeft UIInterfaceOrientationLandscapeRight";
				MARKETING_VERSION = 1.0;
				PRODUCT_BUNDLE_IDENTIFIER = Mega.CoinFlip;
				PRODUCT_NAME = "$(TARGET_NAME)";
				SWIFT_EMIT_LOC_STRINGS = YES;
				SWIFT_VERSION = 5.0;
				TARGETED_DEVICE_FAMILY = "1,2";
			};
			name = Debug;
		};
		8A13B7D42A71527A00343BBE /* Release */ = {
			isa = XCBuildConfiguration;
			buildSettings = {
				ALWAYS_EMBED_SWIFT_STANDARD_LIBRARIES = YES;
				ASSETCATALOG_COMPILER_APPICON_NAME = AppIcon;
				CODE_SIGN_STYLE = Automatic;
				CURRENT_PROJECT_VERSION = 1;
				DEVELOPMENT_TEAM = V6Y7878R89;
				GENERATE_INFOPLIST_FILE = YES;
				INFOPLIST_KEY_UILaunchStoryboardName = LaunchScreen;
				INFOPLIST_KEY_UISupportedInterfaceOrientations_iPad = "UIInterfaceOrientationPortrait UIInterfaceOrientationPortraitUpsideDown UIInterfaceOrientationLandscapeLeft UIInterfaceOrientationLandscapeRight";
				INFOPLIST_KEY_UISupportedInterfaceOrientations_iPhone = "UIInterfaceOrientationPortrait UIInterfaceOrientationLandscapeLeft UIInterfaceOrientationLandscapeRight";
				MARKETING_VERSION = 1.0;
				PRODUCT_BUNDLE_IDENTIFIER = Mega.CoinFlip;
				PRODUCT_NAME = "$(TARGET_NAME)";
				SWIFT_EMIT_LOC_STRINGS = YES;
				SWIFT_VERSION = 5.0;
				TARGETED_DEVICE_FAMILY = "1,2";
			};
			name = Release;
		};
/* End XCBuildConfiguration section */

/* Begin XCConfigurationList section */
		8A13B7B02A71527300343BBE /* Build configuration list for PBXProject "CoinFlip" */ = {
			isa = XCConfigurationList;
			buildConfigurations = (
				8A13B7CC2A71527A00343BBE /* Debug */,
				8A13B7CD2A71527A00343BBE /* Release */,
			);
			defaultConfigurationIsVisible = 0;
			defaultConfigurationName = Release;
		};
		8A13B7CE2A71527A00343BBE /* Build configuration list for PBXNativeTarget "CoinFlip MessagesExtension" */ = {
			isa = XCConfigurationList;
			buildConfigurations = (
				8A13B7CF2A71527A00343BBE /* Debug */,
				8A13B7D02A71527A00343BBE /* Release */,
			);
			defaultConfigurationIsVisible = 0;
			defaultConfigurationName = Release;
		};
		8A13B7D22A71527A00343BBE /* Build configuration list for PBXNativeTarget "CoinFlip" */ = {
			isa = XCConfigurationList;
			buildConfigurations = (
				8A13B7D32A71527A00343BBE /* Debug */,
				8A13B7D42A71527A00343BBE /* Release */,
			);
			defaultConfigurationIsVisible = 0;
			defaultConfigurationName = Release;
		};
/* End XCConfigurationList section */
	};
	rootObject = 8A13B7AD2A71527300343BBE /* Project object */;
}
